﻿﻿﻿﻿﻿﻿﻿﻿﻿﻿﻿﻿﻿﻿﻿﻿﻿
Microsoft Visual Studio Solution File, Format Version 12.00
# Visual Studio Version 17
VisualStudioVersion = 17.12.35527.113
MinimumVisualStudioVersion = 10.0.40219.1
Project("{9A19103F-16F7-4668-BE54-9A1E7A4F7556}") = "A3sist.Core", "A3sist.Core\A3sist.Core.csproj", "{1447B017-8BC7-4114-9EE1-7B8D3C64E2BD}"
EndProject
Project("{9A19103F-16F7-4668-BE54-9A1E7A4F7556}") = "A3sist.UI", "A3sist.UI\A3sist.UI.csproj", "{C59DCB90-162C-45E1-A30B-037ACF07AF46}"
EndProject
Project("{9A19103F-16F7-4668-BE54-9A1E7A4F7556}") = "A3sist.Shared", "A3sist.Shared\A3sist.Shared.csproj", "{0F78AE65-94B7-4977-9176-12407160B412}"
EndProject
Project("{9A19103F-16F7-4668-BE54-9A1E7A4F7556}") = "A3sist.UI.VSIX", "A3sist.UI.VSIX\A3sist.UI.VSIX.csproj", "{F6A7B8C9-D0E1-2345-6789-0ABCDEF12345}"
EndProject
Project("{2150E333-8FDC-42A3-9474-1A3956D46DE8}") = "src", "src", "{8BC9CEB8-8B4A-11D0-8D11-00A0C91BC942}"
EndProject
Project("{9A19103F-16F7-4668-BE54-9A1E7A4F7556}") = "A3sist.Core.Tests", "tests\A3sist.Core.Tests\A3sist.Core.Tests.csproj", "{D1E2F3A4-B5C6-7890-1234-56789ABCDEF0}"
EndProject
Project("{9A19103F-16F7-4668-BE54-9A1E7A4F7556}") = "A3sist.UI.Tests", "tests\A3sist.UI.Tests\A3sist.UI.Tests.csproj", "{E2F3A4B5-C6D7-8901-2345-6789ABCDEF01}"
EndProject
Project("{2150E333-8FDC-42A3-9474-1A3956D46DE8}") = "tests", "tests", "{F3A4B5C6-D7E8-9012-3456-789ABCDEF012}"
EndProject
Global
	GlobalSection(SolutionConfigurationPlatforms) = preSolution
		Debug|Any CPU = Debug|Any CPU
		Release|Any CPU = Release|Any CPU
	EndGlobalSection
	GlobalSection(ProjectConfigurationPlatforms) = postSolution
		{1447B017-8BC7-4114-9EE1-7B8D3C64E2BD}.Debug|Any CPU.ActiveCfg = Debug|Any CPU
		{1447B017-8BC7-4114-9EE1-7B8D3C64E2BD}.Debug|Any CPU.Build.0 = Debug|Any CPU
		{1447B017-8BC7-4114-9EE1-7B8D3C64E2BD}.Release|Any CPU.ActiveCfg = Release|Any CPU
		{1447B017-8BC7-4114-9EE1-7B8D3C64E2BD}.Release|Any CPU.Build.0 = Release|Any CPU
		{C59DCB90-162C-45E1-A30B-037ACF07AF46}.Debug|Any CPU.ActiveCfg = Debug|Any CPU
		{C59DCB90-162C-45E1-A30B-037ACF07AF46}.Debug|Any CPU.Build.0 = Debug|Any CPU
		{C59DCB90-162C-45E1-A30B-037ACF07AF46}.Release|Any CPU.ActiveCfg = Release|Any CPU
		{C59DCB90-162C-45E1-A30B-037ACF07AF46}.Release|Any CPU.Build.0 = Release|Any CPU
		{0F78AE65-94B7-4977-9176-12407160B412}.Debug|Any CPU.ActiveCfg = Debug|Any CPU
		{0F78AE65-94B7-4977-9176-12407160B412}.Debug|Any CPU.Build.0 = Debug|Any CPU
		{0F78AE65-94B7-4977-9176-12407160B412}.Release|Any CPU.ActiveCfg = Release|Any CPU
		{0F78AE65-94B7-4977-9176-12407160B412}.Release|Any CPU.Build.0 = Release|Any CPU
		{F6A7B8C9-D0E1-2345-6789-0ABCDEF12345}.Debug|Any CPU.ActiveCfg = Debug|Any CPU
		{F6A7B8C9-D0E1-2345-6789-0ABCDEF12345}.Debug|Any CPU.Build.0 = Debug|Any CPU
		{F6A7B8C9-D0E1-2345-6789-0ABCDEF12345}.Release|Any CPU.ActiveCfg = Release|Any CPU
		{F6A7B8C9-D0E1-2345-6789-0ABCDEF12345}.Release|Any CPU.Build.0 = Release|Any CPU
		{D1E2F3A4-B5C6-7890-1234-56789ABCDEF0}.Debug|Any CPU.ActiveCfg = Debug|Any CPU
		{D1E2F3A4-B5C6-7890-1234-56789ABCDEF0}.Debug|Any CPU.Build.0 = Debug|Any CPU
		{D1E2F3A4-B5C6-7890-1234-56789ABCDEF0}.Release|Any CPU.ActiveCfg = Release|Any CPU
		{D1E2F3A4-B5C6-7890-1234-56789ABCDEF0}.Release|Any CPU.Build.0 = Release|Any CPU
		{E2F3A4B5-C6D7-8901-2345-6789ABCDEF01}.Debug|Any CPU.ActiveCfg = Debug|Any CPU
		{E2F3A4B5-C6D7-8901-2345-6789ABCDEF01}.Debug|Any CPU.Build.0 = Debug|Any CPU
		{E2F3A4B5-C6D7-8901-2345-6789ABCDEF01}.Release|Any CPU.ActiveCfg = Release|Any CPU
		{E2F3A4B5-C6D7-8901-2345-6789ABCDEF01}.Release|Any CPU.Build.0 = Release|Any CPU
	EndGlobalSection
	GlobalSection(SolutionProperties) = preSolution
		HideSolutionNode = FALSE
	EndGlobalSection
	GlobalSection(NestedProjects) = preSolution
		{1447B017-8BC7-4114-9EE1-7B8D3C64E2BD} = {8BC9CEB8-8B4A-11D0-8D11-00A0C91BC942}
		{C59DCB90-162C-45E1-A30B-037ACF07AF46} = {8BC9CEB8-8B4A-11D0-8D11-00A0C91BC942}
		{0F78AE65-94B7-4977-9176-12407160B412} = {8BC9CEB8-8B4A-11D0-8D11-00A0C91BC942}
		{F6A7B8C9-D0E1-2345-6789-0ABCDEF12345} = {8BC9CEB8-8B4A-11D0-8D11-00A0C91BC942}
		{D1E2F3A4-B5C6-7890-1234-56789ABCDEF0} = {F3A4B5C6-D7E8-9012-3456-789ABCDEF012}
		{E2F3A4B5-C6D7-8901-2345-6789ABCDEF01} = {F3A4B5C6-D7E8-9012-3456-789ABCDEF012}
	EndGlobalSection
EndGlobal
